
Microsoft Visual Studio Solution File, Format Version 12.00
# Visual Studio Version 16
VisualStudioVersion = 16.0.30114.105
MinimumVisualStudioVersion = 10.0.40219.1
Project("{FAE04EC0-301F-11D3-BF4B-00C04F79EFBC}") = "Standard", "Standard\Standard.csproj", "{C3D09404-B572-4FDD-9486-4607439DB6FF}"
EndProject
Project("{FAE04EC0-301F-11D3-BF4B-00C04F79EFBC}") = "If-Switch", "If-Switch\If-Switch.csproj", "{74D2B0BA-C50F-467E-8701-8E65AA46B681}"
EndProject
Project("{FAE04EC0-301F-11D3-BF4B-00C04F79EFBC}") = "Array", "Array\Array.csproj", "{E248C21A-C2CF-45A9-9AA4-AD2E2BB94057}"
EndProject
Global
	GlobalSection(SolutionConfigurationPlatforms) = preSolution
		Debug|Any CPU = Debug|Any CPU
		Release|Any CPU = Release|Any CPU
	EndGlobalSection
	GlobalSection(ProjectConfigurationPlatforms) = postSolution
		{C3D09404-B572-4FDD-9486-4607439DB6FF}.Debug|Any CPU.ActiveCfg = Debug|Any CPU
		{C3D09404-B572-4FDD-9486-4607439DB6FF}.Debug|Any CPU.Build.0 = Debug|Any CPU
		{C3D09404-B572-4FDD-9486-4607439DB6FF}.Release|Any CPU.ActiveCfg = Release|Any CPU
		{C3D09404-B572-4FDD-9486-4607439DB6FF}.Release|Any CPU.Build.0 = Release|Any CPU
		{74D2B0BA-C50F-467E-8701-8E65AA46B681}.Debug|Any CPU.ActiveCfg = Debug|Any CPU
		{74D2B0BA-C50F-467E-8701-8E65AA46B681}.Debug|Any CPU.Build.0 = Debug|Any CPU
		{74D2B0BA-C50F-467E-8701-8E65AA46B681}.Release|Any CPU.ActiveCfg = Release|Any CPU
		{74D2B0BA-C50F-467E-8701-8E65AA46B681}.Release|Any CPU.Build.0 = Release|Any CPU
		{E248C21A-C2CF-45A9-9AA4-AD2E2BB94057}.Debug|Any CPU.ActiveCfg = Debug|Any CPU
		{E248C21A-C2CF-45A9-9AA4-AD2E2BB94057}.Debug|Any CPU.Build.0 = Debug|Any CPU
		{E248C21A-C2CF-45A9-9AA4-AD2E2BB94057}.Release|Any CPU.ActiveCfg = Release|Any CPU
		{E248C21A-C2CF-45A9-9AA4-AD2E2BB94057}.Release|Any CPU.Build.0 = Release|Any CPU
	EndGlobalSection
	GlobalSection(SolutionProperties) = preSolution
		HideSolutionNode = FALSE
	EndGlobalSection
	GlobalSection(ExtensibilityGlobals) = postSolution
		SolutionGuid = {AF1E3F4E-2E21-473E-87F1-755BB9039EED}
	EndGlobalSection
EndGlobal
